
Microsoft Visual Studio Solution File, Format Version 12.00
# Visual Studio 2013
VisualStudioVersion = 12.0.21005.1
MinimumVisualStudioVersion = 10.0.40219.1
Project("{FAE04EC0-301F-11D3-BF4B-00C04F79EFBC}") = "httpfsc", "httpfsc\httpfsc.csproj", "{11939B25-CC43-4EC7-B2B7-300DBB7DA8FB}"
EndProject
Project("{FAE04EC0-301F-11D3-BF4B-00C04F79EFBC}") = "httpfsc.Business", "httpfsc.Data\httpfsc.Business.csproj", "{A66ECEEE-0A82-4D08-A148-8E6DC0CA86ED}"
EndProject
Global
	GlobalSection(SolutionConfigurationPlatforms) = preSolution
		Debug|Any CPU = Debug|Any CPU
		Release|Any CPU = Release|Any CPU
	EndGlobalSection
	GlobalSection(ProjectConfigurationPlatforms) = postSolution
		{11939B25-CC43-4EC7-B2B7-300DBB7DA8FB}.Debug|Any CPU.ActiveCfg = Debug|Any CPU
		{11939B25-CC43-4EC7-B2B7-300DBB7DA8FB}.Debug|Any CPU.Build.0 = Debug|Any CPU
		{11939B25-CC43-4EC7-B2B7-300DBB7DA8FB}.Release|Any CPU.ActiveCfg = Release|Any CPU
		{11939B25-CC43-4EC7-B2B7-300DBB7DA8FB}.Release|Any CPU.Build.0 = Release|Any CPU
		{A66ECEEE-0A82-4D08-A148-8E6DC0CA86ED}.Debug|Any CPU.ActiveCfg = Debug|Any CPU
		{A66ECEEE-0A82-4D08-A148-8E6DC0CA86ED}.Debug|Any CPU.Build.0 = Debug|Any CPU
		{A66ECEEE-0A82-4D08-A148-8E6DC0CA86ED}.Release|Any CPU.ActiveCfg = Release|Any CPU
		{A66ECEEE-0A82-4D08-A148-8E6DC0CA86ED}.Release|Any CPU.Build.0 = Release|Any CPU
	EndGlobalSection
	GlobalSection(SolutionProperties) = preSolution
		HideSolutionNode = FALSE
	EndGlobalSection
EndGlobal
